
Microsoft Visual Studio Solution File, Format Version 12.00
# Visual Studio Version 16
VisualStudioVersion = 16.0.30503.244
MinimumVisualStudioVersion = 10.0.40219.1
Project("{888888A0-9F3D-457C-B088-3A5042F75D52}") = "Webscrap Votos", "Webscrap Votos\Webscrap Votos.pyproj", "{4D525E24-915E-4442-974E-8561A785FEC1}"
EndProject
Global
	GlobalSection(SolutionConfigurationPlatforms) = preSolution
		Debug|Any CPU = Debug|Any CPU
		Release|Any CPU = Release|Any CPU
	EndGlobalSection
	GlobalSection(ProjectConfigurationPlatforms) = postSolution
		{4D525E24-915E-4442-974E-8561A785FEC1}.Debug|Any CPU.ActiveCfg = Debug|Any CPU
		{4D525E24-915E-4442-974E-8561A785FEC1}.Release|Any CPU.ActiveCfg = Release|Any CPU
	EndGlobalSection
	GlobalSection(SolutionProperties) = preSolution
		HideSolutionNode = FALSE
	EndGlobalSection
	GlobalSection(ExtensibilityGlobals) = postSolution
		SolutionGuid = {C51980E7-4C23-4272-A3D9-C18FF10813A7}
	EndGlobalSection
EndGlobal
